
Microsoft Visual Studio Solution File, Format Version 12.00
# Visual Studio Version 17
VisualStudioVersion = 17.9.34622.214
MinimumVisualStudioVersion = 10.0.40219.1
Project("{FAE04EC0-301F-11D3-BF4B-00C04F79EFBC}") = "Kurier", "Kurier\Kurier.csproj", "{87976445-ECD0-4C38-955C-C23587613705}"
EndProject
Global
	GlobalSection(SolutionConfigurationPlatforms) = preSolution
		Debug|Any CPU = Debug|Any CPU
		Release|Any CPU = Release|Any CPU
	EndGlobalSection
	GlobalSection(ProjectConfigurationPlatforms) = postSolution
		{87976445-ECD0-4C38-955C-C23587613705}.Debug|Any CPU.ActiveCfg = Debug|Any CPU
		{87976445-ECD0-4C38-955C-C23587613705}.Debug|Any CPU.Build.0 = Debug|Any CPU
		{87976445-ECD0-4C38-955C-C23587613705}.Release|Any CPU.ActiveCfg = Release|Any CPU
		{87976445-ECD0-4C38-955C-C23587613705}.Release|Any CPU.Build.0 = Release|Any CPU
	EndGlobalSection
	GlobalSection(SolutionProperties) = preSolution
		HideSolutionNode = FALSE
	EndGlobalSection
	GlobalSection(ExtensibilityGlobals) = postSolution
		SolutionGuid = {6526A76B-BA82-4865-A599-787DD9D74A75}
	EndGlobalSection
EndGlobal
